
Microsoft Visual Studio Solution File, Format Version 12.00
# Visual Studio 2013
VisualStudioVersion = 12.0.31101.0
MinimumVisualStudioVersion = 10.0.40219.1
Project("{FAE04EC0-301F-11D3-BF4B-00C04F79EFBC}") = "StockManagement", "StockManagement\StockManagement.csproj", "{7C4683DA-AE30-47EE-BBF2-94F7A0211D79}"
EndProject
Project("{FAE04EC0-301F-11D3-BF4B-00C04F79EFBC}") = "PriceTextBoxComponent", "PriceTextBoxComponent\PriceTextBoxComponent.csproj", "{8AD7C343-E5DC-445E-A726-604E2BEFFB6A}"
EndProject
Project("{FAE04EC0-301F-11D3-BF4B-00C04F79EFBC}") = "DataModel", "DataModel\DataModel.csproj", "{8523EEE8-13BA-471B-BCEA-59456FE00DB0}"
EndProject
Project("{FAE04EC0-301F-11D3-BF4B-00C04F79EFBC}") = "EShop", "EShop\EShop.csproj", "{E1663A63-4DD3-4BC5-AD46-84A39638C43A}"
EndProject
Project("{FAE04EC0-301F-11D3-BF4B-00C04F79EFBC}") = "DistanceService", "DistanceService\DistanceService.csproj", "{D1423FA9-FAA3-44E5-98E1-0878FA7BECD0}"
EndProject
Project("{FAE04EC0-301F-11D3-BF4B-00C04F79EFBC}") = "RemoteOrderManagementService", "RemoteOrderManagementService\RemoteOrderManagementService.csproj", "{37799739-64DD-4FB7-83FD-B45BF47B6B75}"
EndProject
Project("{FAE04EC0-301F-11D3-BF4B-00C04F79EFBC}") = "OrderManagement", "OrderManagement\OrderManagement.csproj", "{B71C577A-58A0-4F01-B455-7F1D6F96FCB3}"
EndProject
Project("{FAE04EC0-301F-11D3-BF4B-00C04F79EFBC}") = "OrderManagementService", "OrderManagementService\OrderManagementService.csproj", "{3C53C92B-36C1-447A-BCF9-97EAE7727153}"
EndProject
Global
	GlobalSection(SolutionConfigurationPlatforms) = preSolution
		Debug|Any CPU = Debug|Any CPU
		Release|Any CPU = Release|Any CPU
	EndGlobalSection
	GlobalSection(ProjectConfigurationPlatforms) = postSolution
		{7C4683DA-AE30-47EE-BBF2-94F7A0211D79}.Debug|Any CPU.ActiveCfg = Debug|Any CPU
		{7C4683DA-AE30-47EE-BBF2-94F7A0211D79}.Debug|Any CPU.Build.0 = Debug|Any CPU
		{7C4683DA-AE30-47EE-BBF2-94F7A0211D79}.Release|Any CPU.ActiveCfg = Release|Any CPU
		{7C4683DA-AE30-47EE-BBF2-94F7A0211D79}.Release|Any CPU.Build.0 = Release|Any CPU
		{8AD7C343-E5DC-445E-A726-604E2BEFFB6A}.Debug|Any CPU.ActiveCfg = Debug|Any CPU
		{8AD7C343-E5DC-445E-A726-604E2BEFFB6A}.Debug|Any CPU.Build.0 = Debug|Any CPU
		{8AD7C343-E5DC-445E-A726-604E2BEFFB6A}.Release|Any CPU.ActiveCfg = Release|Any CPU
		{8AD7C343-E5DC-445E-A726-604E2BEFFB6A}.Release|Any CPU.Build.0 = Release|Any CPU
		{8523EEE8-13BA-471B-BCEA-59456FE00DB0}.Debug|Any CPU.ActiveCfg = Debug|Any CPU
		{8523EEE8-13BA-471B-BCEA-59456FE00DB0}.Debug|Any CPU.Build.0 = Debug|Any CPU
		{8523EEE8-13BA-471B-BCEA-59456FE00DB0}.Release|Any CPU.ActiveCfg = Release|Any CPU
		{8523EEE8-13BA-471B-BCEA-59456FE00DB0}.Release|Any CPU.Build.0 = Release|Any CPU
		{E1663A63-4DD3-4BC5-AD46-84A39638C43A}.Debug|Any CPU.ActiveCfg = Debug|Any CPU
		{E1663A63-4DD3-4BC5-AD46-84A39638C43A}.Debug|Any CPU.Build.0 = Debug|Any CPU
		{E1663A63-4DD3-4BC5-AD46-84A39638C43A}.Release|Any CPU.ActiveCfg = Release|Any CPU
		{E1663A63-4DD3-4BC5-AD46-84A39638C43A}.Release|Any CPU.Build.0 = Release|Any CPU
		{D1423FA9-FAA3-44E5-98E1-0878FA7BECD0}.Debug|Any CPU.ActiveCfg = Debug|Any CPU
		{D1423FA9-FAA3-44E5-98E1-0878FA7BECD0}.Debug|Any CPU.Build.0 = Debug|Any CPU
		{D1423FA9-FAA3-44E5-98E1-0878FA7BECD0}.Release|Any CPU.ActiveCfg = Release|Any CPU
		{D1423FA9-FAA3-44E5-98E1-0878FA7BECD0}.Release|Any CPU.Build.0 = Release|Any CPU
		{37799739-64DD-4FB7-83FD-B45BF47B6B75}.Debug|Any CPU.ActiveCfg = Debug|Any CPU
		{37799739-64DD-4FB7-83FD-B45BF47B6B75}.Debug|Any CPU.Build.0 = Debug|Any CPU
		{37799739-64DD-4FB7-83FD-B45BF47B6B75}.Release|Any CPU.ActiveCfg = Release|Any CPU
		{37799739-64DD-4FB7-83FD-B45BF47B6B75}.Release|Any CPU.Build.0 = Release|Any CPU
		{B71C577A-58A0-4F01-B455-7F1D6F96FCB3}.Debug|Any CPU.ActiveCfg = Debug|Any CPU
		{B71C577A-58A0-4F01-B455-7F1D6F96FCB3}.Debug|Any CPU.Build.0 = Debug|Any CPU
		{B71C577A-58A0-4F01-B455-7F1D6F96FCB3}.Release|Any CPU.ActiveCfg = Release|Any CPU
		{B71C577A-58A0-4F01-B455-7F1D6F96FCB3}.Release|Any CPU.Build.0 = Release|Any CPU
		{3C53C92B-36C1-447A-BCF9-97EAE7727153}.Debug|Any CPU.ActiveCfg = Debug|Any CPU
		{3C53C92B-36C1-447A-BCF9-97EAE7727153}.Debug|Any CPU.Build.0 = Debug|Any CPU
		{3C53C92B-36C1-447A-BCF9-97EAE7727153}.Release|Any CPU.ActiveCfg = Release|Any CPU
		{3C53C92B-36C1-447A-BCF9-97EAE7727153}.Release|Any CPU.Build.0 = Release|Any CPU
	EndGlobalSection
	GlobalSection(SolutionProperties) = preSolution
		HideSolutionNode = FALSE
	EndGlobalSection
EndGlobal
